// !$*UTF8*$!
{
	archiveVersion = 1;
	classes = {
	};
	objectVersion = 56;
	objects = {

/* Begin PBXBuildFile section */
		AB2789AF2BE0E32B00E2D3DB /* FireStoreManager.swift in Sources */ = {isa = PBXBuildFile; fileRef = AB2789AE2BE0E32B00E2D3DB /* FireStoreManager.swift */; };
		AB2789B12BE0E33F00E2D3DB /* Memo.swift in Sources */ = {isa = PBXBuildFile; fileRef = AB2789B02BE0E33F00E2D3DB /* Memo.swift */; };
		AB2789B32BE105B400E2D3DB /* AddView.swift in Sources */ = {isa = PBXBuildFile; fileRef = AB2789B22BE105B400E2D3DB /* AddView.swift */; };
		AB2789B52BE105E000E2D3DB /* EditView.swift in Sources */ = {isa = PBXBuildFile; fileRef = AB2789B42BE105E000E2D3DB /* EditView.swift */; };
		AD75ACA52BDE8D6500A72A43 /* wikiKitFirestoreApp.swift in Sources */ = {isa = PBXBuildFile; fileRef = AD75ACA42BDE8D6500A72A43 /* wikiKitFirestoreApp.swift */; };
		AD75ACA72BDE8D6500A72A43 /* ContentView.swift in Sources */ = {isa = PBXBuildFile; fileRef = AD75ACA62BDE8D6500A72A43 /* ContentView.swift */; };
		AD75ACA92BDE8D6600A72A43 /* Assets.xcassets in Resources */ = {isa = PBXBuildFile; fileRef = AD75ACA82BDE8D6600A72A43 /* Assets.xcassets */; };
		AD75ACAC2BDE8D6600A72A43 /* Preview Assets.xcassets in Resources */ = {isa = PBXBuildFile; fileRef = AD75ACAB2BDE8D6600A72A43 /* Preview Assets.xcassets */; };
		AD75ACB82BDE901600A72A43 /* FirebaseFirestore in Frameworks */ = {isa = PBXBuildFile; productRef = AD75ACB72BDE901600A72A43 /* FirebaseFirestore */; };
		ADEC1F332BFA21F300723C18 /* .gitignore in Resources */ = {isa = PBXBuildFile; fileRef = ADEC1F322BFA21F300723C18 /* .gitignore */; };
/* End PBXBuildFile section */

/* Begin PBXFileReference section */
		AB2789AE2BE0E32B00E2D3DB /* FireStoreManager.swift */ = {isa = PBXFileReference; lastKnownFileType = sourcecode.swift; path = FireStoreManager.swift; sourceTree = "<group>"; };
		AB2789B02BE0E33F00E2D3DB /* Memo.swift */ = {isa = PBXFileReference; lastKnownFileType = sourcecode.swift; path = Memo.swift; sourceTree = "<group>"; };
		AB2789B22BE105B400E2D3DB /* AddView.swift */ = {isa = PBXFileReference; lastKnownFileType = sourcecode.swift; path = AddView.swift; sourceTree = "<group>"; };
		AB2789B42BE105E000E2D3DB /* EditView.swift */ = {isa = PBXFileReference; lastKnownFileType = sourcecode.swift; path = EditView.swift; sourceTree = "<group>"; };
		AD75ACA12BDE8D6500A72A43 /* wikiKitFirestore.app */ = {isa = PBXFileReference; explicitFileType = wrapper.application; includeInIndex = 0; path = wikiKitFirestore.app; sourceTree = BUILT_PRODUCTS_DIR; };
		AD75ACA42BDE8D6500A72A43 /* wikiKitFirestoreApp.swift */ = {isa = PBXFileReference; lastKnownFileType = sourcecode.swift; path = wikiKitFirestoreApp.swift; sourceTree = "<group>"; };
		AD75ACA62BDE8D6500A72A43 /* ContentView.swift */ = {isa = PBXFileReference; lastKnownFileType = sourcecode.swift; path = ContentView.swift; sourceTree = "<group>"; };
		AD75ACA82BDE8D6600A72A43 /* Assets.xcassets */ = {isa = PBXFileReference; lastKnownFileType = folder.assetcatalog; path = Assets.xcassets; sourceTree = "<group>"; };
		AD75ACAB2BDE8D6600A72A43 /* Preview Assets.xcassets */ = {isa = PBXFileReference; lastKnownFileType = folder.assetcatalog; path = "Preview Assets.xcassets"; sourceTree = "<group>"; };
		ADEC1F322BFA21F300723C18 /* .gitignore */ = {isa = PBXFileReference; lastKnownFileType = text; path = .gitignore; sourceTree = "<group>"; };
/* End PBXFileReference section */

/* Begin PBXFrameworksBuildPhase section */
		AD75AC9E2BDE8D6500A72A43 /* Frameworks */ = {
			isa = PBXFrameworksBuildPhase;
			buildActionMask = 2147483647;
			files = (
				AD75ACB82BDE901600A72A43 /* FirebaseFirestore in Frameworks */,
			);
			runOnlyForDeploymentPostprocessing = 0;
		};
/* End PBXFrameworksBuildPhase section */

/* Begin PBXGroup section */
		AD75AC982BDE8D6500A72A43 = {
			isa = PBXGroup;
			children = (
				ADEC1F322BFA21F300723C18 /* .gitignore */,
				AD75ACA32BDE8D6500A72A43 /* wikiKitFirestore */,
				AD75ACA22BDE8D6500A72A43 /* Products */,
			);
			sourceTree = "<group>";
		};
		AD75ACA22BDE8D6500A72A43 /* Products */ = {
			isa = PBXGroup;
			children = (
				AD75ACA12BDE8D6500A72A43 /* wikiKitFirestore.app */,
			);
			name = Products;
			sourceTree = "<group>";
		};
		AD75ACA32BDE8D6500A72A43 /* wikiKitFirestore */ = {
			isa = PBXGroup;
			children = (
				AD7F2ACE2BEBB5E30013A466 /* View */,
				AD7F2ACD2BEBB5DC0013A466 /* Model */,
				AD75ACA82BDE8D6600A72A43 /* Assets.xcassets */,
				AD75ACAA2BDE8D6600A72A43 /* Preview Content */,
			);
			path = wikiKitFirestore;
			sourceTree = "<group>";
		};
		AD75ACAA2BDE8D6600A72A43 /* Preview Content */ = {
			isa = PBXGroup;
			children = (
				AD75ACAB2BDE8D6600A72A43 /* Preview Assets.xcassets */,
			);
			path = "Preview Content";
			sourceTree = "<group>";
		};
		AD7F2ACD2BEBB5DC0013A466 /* Model */ = {
			isa = PBXGroup;
			children = (
				AB2789AE2BE0E32B00E2D3DB /* FireStoreManager.swift */,
				AB2789B02BE0E33F00E2D3DB /* Memo.swift */,
			);
			path = Model;
			sourceTree = "<group>";
		};
		AD7F2ACE2BEBB5E30013A466 /* View */ = {
			isa = PBXGroup;
			children = (
				AD75ACA42BDE8D6500A72A43 /* wikiKitFirestoreApp.swift */,
				AD75ACA62BDE8D6500A72A43 /* ContentView.swift */,
				AB2789B22BE105B400E2D3DB /* AddView.swift */,
				AB2789B42BE105E000E2D3DB /* EditView.swift */,
			);
			path = View;
			sourceTree = "<group>";
		};
/* End PBXGroup section */

/* Begin PBXNativeTarget section */
		AD75ACA02BDE8D6500A72A43 /* wikiKitFirestore */ = {
			isa = PBXNativeTarget;
			buildConfigurationList = AD75ACAF2BDE8D6600A72A43 /* Build configuration list for PBXNativeTarget "wikiKitFirestore" */;
			buildPhases = (
				AD75AC9D2BDE8D6500A72A43 /* Sources */,
				AD75AC9E2BDE8D6500A72A43 /* Frameworks */,
				AD75AC9F2BDE8D6500A72A43 /* Resources */,
			);
			buildRules = (
			);
			dependencies = (
			);
			name = wikiKitFirestore;
			packageProductDependencies = (
				AD75ACB72BDE901600A72A43 /* FirebaseFirestore */,
			);
			productName = wikiKitFirestore;
			productReference = AD75ACA12BDE8D6500A72A43 /* wikiKitFirestore.app */;
			productType = "com.apple.product-type.application";
		};
/* End PBXNativeTarget section */

/* Begin PBXProject section */
		AD75AC992BDE8D6500A72A43 /* Project object */ = {
			isa = PBXProject;
			attributes = {
				BuildIndependentTargetsInParallel = 1;
				LastSwiftUpdateCheck = 1530;
				LastUpgradeCheck = 1530;
				TargetAttributes = {
					AD75ACA02BDE8D6500A72A43 = {
						CreatedOnToolsVersion = 15.3;
					};
				};
			};
			buildConfigurationList = AD75AC9C2BDE8D6500A72A43 /* Build configuration list for PBXProject "wikiKitFirestore" */;
			compatibilityVersion = "Xcode 14.0";
			developmentRegion = en;
			hasScannedForEncodings = 0;
			knownRegions = (
				en,
				Base,
			);
			mainGroup = AD75AC982BDE8D6500A72A43;
			packageReferences = (
				AD75ACB62BDE901600A72A43 /* XCRemoteSwiftPackageReference "firebase-ios-sdk" */,
			);
			productRefGroup = AD75ACA22BDE8D6500A72A43 /* Products */;
			projectDirPath = "";
			projectRoot = "";
			targets = (
				AD75ACA02BDE8D6500A72A43 /* wikiKitFirestore */,
			);
		};
/* End PBXProject section */

/* Begin PBXResourcesBuildPhase section */
		AD75AC9F2BDE8D6500A72A43 /* Resources */ = {
			isa = PBXResourcesBuildPhase;
			buildActionMask = 2147483647;
			files = (
				ADEC1F332BFA21F300723C18 /* .gitignore in Resources */,
				AD75ACAC2BDE8D6600A72A43 /* Preview Assets.xcassets in Resources */,
				AD75ACA92BDE8D6600A72A43 /* Assets.xcassets in Resources */,
			);
			runOnlyForDeploymentPostprocessing = 0;
		};
/* End PBXResourcesBuildPhase section */

/* Begin PBXSourcesBuildPhase section */
		AD75AC9D2BDE8D6500A72A43 /* Sources */ = {
			isa = PBXSourcesBuildPhase;
			buildActionMask = 2147483647;
			files = (
				AB2789AF2BE0E32B00E2D3DB /* FireStoreManager.swift in Sources */,
				AD75ACA72BDE8D6500A72A43 /* ContentView.swift in Sources */,
				AB2789B52BE105E000E2D3DB /* EditView.swift in Sources */,
				AB2789B32BE105B400E2D3DB /* AddView.swift in Sources */,
				AD75ACA52BDE8D6500A72A43 /* wikiKitFirestoreApp.swift in Sources */,
				AB2789B12BE0E33F00E2D3DB /* Memo.swift in Sources */,
			);
			runOnlyForDeploymentPostprocessing = 0;
		};
/* End PBXSourcesBuildPhase section */

/* Begin XCBuildConfiguration section */
		AD75ACAD2BDE8D6600A72A43 /* Debug */ = {
			isa = XCBuildConfiguration;
			buildSettings = {
				ALWAYS_SEARCH_USER_PATHS = NO;
				ASSETCATALOG_COMPILER_GENERATE_SWIFT_ASSET_SYMBOL_EXTENSIONS = YES;
				CLANG_ANALYZER_NONNULL = YES;
				CLANG_ANALYZER_NUMBER_OBJECT_CONVERSION = YES_AGGRESSIVE;
				CLANG_CXX_LANGUAGE_STANDARD = "gnu++20";
				CLANG_ENABLE_MODULES = YES;
				CLANG_ENABLE_OBJC_ARC = YES;
				CLANG_ENABLE_OBJC_WEAK = YES;
				CLANG_WARN_BLOCK_CAPTURE_AUTORELEASING = YES;
				CLANG_WARN_BOOL_CONVERSION = YES;
				CLANG_WARN_COMMA = YES;
				CLANG_WARN_CONSTANT_CONVERSION = YES;
				CLANG_WARN_DEPRECATED_OBJC_IMPLEMENTATIONS = YES;
				CLANG_WARN_DIRECT_OBJC_ISA_USAGE = YES_ERROR;
				CLANG_WARN_DOCUMENTATION_COMMENTS = YES;
				CLANG_WARN_EMPTY_BODY = YES;
				CLANG_WARN_ENUM_CONVERSION = YES;
				CLANG_WARN_INFINITE_RECURSION = YES;
				CLANG_WARN_INT_CONVERSION = YES;
				CLANG_WARN_NON_LITERAL_NULL_CONVERSION = YES;
				CLANG_WARN_OBJC_IMPLICIT_RETAIN_SELF = YES;
				CLANG_WARN_OBJC_LITERAL_CONVERSION = YES;
				CLANG_WARN_OBJC_ROOT_CLASS = YES_ERROR;
				CLANG_WARN_QUOTED_INCLUDE_IN_FRAMEWORK_HEADER = YES;
				CLANG_WARN_RANGE_LOOP_ANALYSIS = YES;
				CLANG_WARN_STRICT_PROTOTYPES = YES;
				CLANG_WARN_SUSPICIOUS_MOVE = YES;
				CLANG_WARN_UNGUARDED_AVAILABILITY = YES_AGGRESSIVE;
				CLANG_WARN_UNREACHABLE_CODE = YES;
				CLANG_WARN__DUPLICATE_METHOD_MATCH = YES;
				COPY_PHASE_STRIP = NO;
				DEBUG_INFORMATION_FORMAT = dwarf;
				ENABLE_STRICT_OBJC_MSGSEND = YES;
				ENABLE_TESTABILITY = YES;
				ENABLE_USER_SCRIPT_SANDBOXING = YES;
				GCC_C_LANGUAGE_STANDARD = gnu17;
				GCC_DYNAMIC_NO_PIC = NO;
				GCC_NO_COMMON_BLOCKS = YES;
				GCC_OPTIMIZATION_LEVEL = 0;
				GCC_PREPROCESSOR_DEFINITIONS = (
					"DEBUG=1",
					"$(inherited)",
				);
				GCC_WARN_64_TO_32_BIT_CONVERSION = YES;
				GCC_WARN_ABOUT_RETURN_TYPE = YES_ERROR;
				GCC_WARN_UNDECLARED_SELECTOR = YES;
				GCC_WARN_UNINITIALIZED_AUTOS = YES_AGGRESSIVE;
				GCC_WARN_UNUSED_FUNCTION = YES;
				GCC_WARN_UNUSED_VARIABLE = YES;
				IPHONEOS_DEPLOYMENT_TARGET = 17.4;
				LOCALIZATION_PREFERS_STRING_CATALOGS = YES;
				MTL_ENABLE_DEBUG_INFO = INCLUDE_SOURCE;
				MTL_FAST_MATH = YES;
				ONLY_ACTIVE_ARCH = YES;
				SDKROOT = iphoneos;
				SWIFT_ACTIVE_COMPILATION_CONDITIONS = "DEBUG $(inherited)";
				SWIFT_OPTIMIZATION_LEVEL = "-Onone";
			};
			name = Debug;
		};
		AD75ACAE2BDE8D6600A72A43 /* Release */ = {
			isa = XCBuildConfiguration;
			buildSettings = {
				ALWAYS_SEARCH_USER_PATHS = NO;
				ASSETCATALOG_COMPILER_GENERATE_SWIFT_ASSET_SYMBOL_EXTENSIONS = YES;
				CLANG_ANALYZER_NONNULL = YES;
				CLANG_ANALYZER_NUMBER_OBJECT_CONVERSION = YES_AGGRESSIVE;
				CLANG_CXX_LANGUAGE_STANDARD = "gnu++20";
				CLANG_ENABLE_MODULES = YES;
				CLANG_ENABLE_OBJC_ARC = YES;
				CLANG_ENABLE_OBJC_WEAK = YES;
				CLANG_WARN_BLOCK_CAPTURE_AUTORELEASING = YES;
				CLANG_WARN_BOOL_CONVERSION = YES;
				CLANG_WARN_COMMA = YES;
				CLANG_WARN_CONSTANT_CONVERSION = YES;
				CLANG_WARN_DEPRECATED_OBJC_IMPLEMENTATIONS = YES;
				CLANG_WARN_DIRECT_OBJC_ISA_USAGE = YES_ERROR;
				CLANG_WARN_DOCUMENTATION_COMMENTS = YES;
				CLANG_WARN_EMPTY_BODY = YES;
				CLANG_WARN_ENUM_CONVERSION = YES;
				CLANG_WARN_INFINITE_RECURSION = YES;
				CLANG_WARN_INT_CONVERSION = YES;
				CLANG_WARN_NON_LITERAL_NULL_CONVERSION = YES;
				CLANG_WARN_OBJC_IMPLICIT_RETAIN_SELF = YES;
				CLANG_WARN_OBJC_LITERAL_CONVERSION = YES;
				CLANG_WARN_OBJC_ROOT_CLASS = YES_ERROR;
				CLANG_WARN_QUOTED_INCLUDE_IN_FRAMEWORK_HEADER = YES;
				CLANG_WARN_RANGE_LOOP_ANALYSIS = YES;
				CLANG_WARN_STRICT_PROTOTYPES = YES;
				CLANG_WARN_SUSPICIOUS_MOVE = YES;
				CLANG_WARN_UNGUARDED_AVAILABILITY = YES_AGGRESSIVE;
				CLANG_WARN_UNREACHABLE_CODE = YES;
				CLANG_WARN__DUPLICATE_METHOD_MATCH = YES;
				COPY_PHASE_STRIP = NO;
				DEBUG_INFORMATION_FORMAT = "dwarf-with-dsym";
				ENABLE_NS_ASSERTIONS = NO;
				ENABLE_STRICT_OBJC_MSGSEND = YES;
				ENABLE_USER_SCRIPT_SANDBOXING = YES;
				GCC_C_LANGUAGE_STANDARD = gnu17;
				GCC_NO_COMMON_BLOCKS = YES;
				GCC_WARN_64_TO_32_BIT_CONVERSION = YES;
				GCC_WARN_ABOUT_RETURN_TYPE = YES_ERROR;
				GCC_WARN_UNDECLARED_SELECTOR = YES;
				GCC_WARN_UNINITIALIZED_AUTOS = YES_AGGRESSIVE;
				GCC_WARN_UNUSED_FUNCTION = YES;
				GCC_WARN_UNUSED_VARIABLE = YES;
				IPHONEOS_DEPLOYMENT_TARGET = 17.4;
				LOCALIZATION_PREFERS_STRING_CATALOGS = YES;
				MTL_ENABLE_DEBUG_INFO = NO;
				MTL_FAST_MATH = YES;
				SDKROOT = iphoneos;
				SWIFT_COMPILATION_MODE = wholemodule;
				VALIDATE_PRODUCT = YES;
			};
			name = Release;
		};
		AD75ACB02BDE8D6600A72A43 /* Debug */ = {
			isa = XCBuildConfiguration;
			buildSettings = {
				ASSETCATALOG_COMPILER_APPICON_NAME = AppIcon;
				ASSETCATALOG_COMPILER_GLOBAL_ACCENT_COLOR_NAME = AccentColor;
				CODE_SIGN_STYLE = Automatic;
				CURRENT_PROJECT_VERSION = 1;
				DEVELOPMENT_ASSET_PATHS = "\"wikiKitFirestore/Preview Content\"";
				DEVELOPMENT_TEAM = 583985W8L5;
				ENABLE_PREVIEWS = YES;
				GENERATE_INFOPLIST_FILE = YES;
				INFOPLIST_KEY_UIApplicationSceneManifest_Generation = YES;
				INFOPLIST_KEY_UIApplicationSupportsIndirectInputEvents = YES;
				INFOPLIST_KEY_UILaunchScreen_Generation = YES;
				INFOPLIST_KEY_UISupportedInterfaceOrientations_iPad = "UIInterfaceOrientationPortrait UIInterfaceOrientationPortraitUpsideDown UIInterfaceOrientationLandscapeLeft UIInterfaceOrientationLandscapeRight";
				INFOPLIST_KEY_UISupportedInterfaceOrientations_iPhone = "UIInterfaceOrientationPortrait UIInterfaceOrientationLandscapeLeft UIInterfaceOrientationLandscapeRight";
				LD_RUNPATH_SEARCH_PATHS = (
					"$(inherited)",
					"@executable_path/Frameworks",
				);
				MARKETING_VERSION = 1.0;
				PRODUCT_BUNDLE_IDENTIFIER = com.linkereo.wikiKitFirestore;
				PRODUCT_NAME = "$(TARGET_NAME)";
				SWIFT_EMIT_LOC_STRINGS = YES;
				SWIFT_VERSION = 5.0;
				TARGETED_DEVICE_FAMILY = "1,2";
			};
			name = Debug;
		};
		AD75ACB12BDE8D6600A72A43 /* Release */ = {
			isa = XCBuildConfiguration;
			buildSettings = {
				ASSETCATALOG_COMPILER_APPICON_NAME = AppIcon;
				ASSETCATALOG_COMPILER_GLOBAL_ACCENT_COLOR_NAME = AccentColor;
				CODE_SIGN_STYLE = Automatic;
				CURRENT_PROJECT_VERSION = 1;
				DEVELOPMENT_ASSET_PATHS = "\"wikiKitFirestore/Preview Content\"";
				DEVELOPMENT_TEAM = 583985W8L5;
				ENABLE_PREVIEWS = YES;
				GENERATE_INFOPLIST_FILE = YES;
				INFOPLIST_KEY_UIApplicationSceneManifest_Generation = YES;
				INFOPLIST_KEY_UIApplicationSupportsIndirectInputEvents = YES;
				INFOPLIST_KEY_UILaunchScreen_Generation = YES;
				INFOPLIST_KEY_UISupportedInterfaceOrientations_iPad = "UIInterfaceOrientationPortrait UIInterfaceOrientationPortraitUpsideDown UIInterfaceOrientationLandscapeLeft UIInterfaceOrientationLandscapeRight";
				INFOPLIST_KEY_UISupportedInterfaceOrientations_iPhone = "UIInterfaceOrientationPortrait UIInterfaceOrientationLandscapeLeft UIInterfaceOrientationLandscapeRight";
				LD_RUNPATH_SEARCH_PATHS = (
					"$(inherited)",
					"@executable_path/Frameworks",
				);
				MARKETING_VERSION = 1.0;
				PRODUCT_BUNDLE_IDENTIFIER = com.linkereo.wikiKitFirestore;
				PRODUCT_NAME = "$(TARGET_NAME)";
				SWIFT_EMIT_LOC_STRINGS = YES;
				SWIFT_VERSION = 5.0;
				TARGETED_DEVICE_FAMILY = "1,2";
			};
			name = Release;
		};
/* End XCBuildConfiguration section */

/* Begin XCConfigurationList section */
		AD75AC9C2BDE8D6500A72A43 /* Build configuration list for PBXProject "wikiKitFirestore" */ = {
			isa = XCConfigurationList;
			buildConfigurations = (
				AD75ACAD2BDE8D6600A72A43 /* Debug */,
				AD75ACAE2BDE8D6600A72A43 /* Release */,
			);
			defaultConfigurationIsVisible = 0;
			defaultConfigurationName = Release;
		};
		AD75ACAF2BDE8D6600A72A43 /* Build configuration list for PBXNativeTarget "wikiKitFirestore" */ = {
			isa = XCConfigurationList;
			buildConfigurations = (
				AD75ACB02BDE8D6600A72A43 /* Debug */,
				AD75ACB12BDE8D6600A72A43 /* Release */,
			);
			defaultConfigurationIsVisible = 0;
			defaultConfigurationName = Release;
		};
/* End XCConfigurationList section */

/* Begin XCRemoteSwiftPackageReference section */
		AD75ACB62BDE901600A72A43 /* XCRemoteSwiftPackageReference "firebase-ios-sdk" */ = {
			isa = XCRemoteSwiftPackageReference;
			repositoryURL = "https://github.com/firebase/firebase-ios-sdk";
			requirement = {
				kind = upToNextMajorVersion;
				minimumVersion = 10.24.0;
			};
		};
/* End XCRemoteSwiftPackageReference section */

/* Begin XCSwiftPackageProductDependency section */
		AD75ACB72BDE901600A72A43 /* FirebaseFirestore */ = {
			isa = XCSwiftPackageProductDependency;
			package = AD75ACB62BDE901600A72A43 /* XCRemoteSwiftPackageReference "firebase-ios-sdk" */;
			productName = FirebaseFirestore;
		};
/* End XCSwiftPackageProductDependency section */
	};
	rootObject = AD75AC992BDE8D6500A72A43 /* Project object */;
}
